{
  "originHash" : "92046cd5b2f2281033576764770b7a11ca088b9ebaf1f5b30fe730e9dc26f50e",
  "pins" : [
    {
      "identity" : "purchases-ios",
      "kind" : "remoteSourceControl",
      "location" : "https://github.com/RevenueCat/purchases-ios.git",
      "state" : {
        "revision" : "2d95eedc59c06fa6349aab7a506f0950ac0a563b",
        "version" : "5.50.1"
      }
    }
  ],
  "version" : 3
}
